
Microsoft Visual Studio Solution File, Format Version 12.00
# Visual Studio Version 17
VisualStudioVersion = 17.0.31903.59
MinimumVisualStudioVersion = 10.0.40219.1
Project("{FAE04EC0-301F-11D3-BF4B-00C04F79EFBC}") = "API", "API\API.csproj", "{041ECCF2-27B2-46FA-A389-BDB1A9E53D04}"
EndProject
Project("{FAE04EC0-301F-11D3-BF4B-00C04F79EFBC}") = "Application", "Application\Application.csproj", "{239452B2-8A70-4DB2-A503-395539C4235C}"
EndProject
Project("{FAE04EC0-301F-11D3-BF4B-00C04F79EFBC}") = "Domain", "Domain\Domain.csproj", "{A2C8E344-FB85-45AA-B51B-5EB40949CCA3}"
EndProject
Project("{FAE04EC0-301F-11D3-BF4B-00C04F79EFBC}") = "Persistence", "Persistence\Persistence.csproj", "{7F75F974-6CEC-4DB1-BB6D-EBCDA15283C5}"
EndProject
Global
	GlobalSection(SolutionConfigurationPlatforms) = preSolution
		Debug|Any CPU = Debug|Any CPU
		Release|Any CPU = Release|Any CPU
	EndGlobalSection
	GlobalSection(SolutionProperties) = preSolution
		HideSolutionNode = FALSE
	EndGlobalSection
	GlobalSection(ProjectConfigurationPlatforms) = postSolution
		{041ECCF2-27B2-46FA-A389-BDB1A9E53D04}.Debug|Any CPU.ActiveCfg = Debug|Any CPU
		{041ECCF2-27B2-46FA-A389-BDB1A9E53D04}.Debug|Any CPU.Build.0 = Debug|Any CPU
		{041ECCF2-27B2-46FA-A389-BDB1A9E53D04}.Release|Any CPU.ActiveCfg = Release|Any CPU
		{041ECCF2-27B2-46FA-A389-BDB1A9E53D04}.Release|Any CPU.Build.0 = Release|Any CPU
		{239452B2-8A70-4DB2-A503-395539C4235C}.Debug|Any CPU.ActiveCfg = Debug|Any CPU
		{239452B2-8A70-4DB2-A503-395539C4235C}.Debug|Any CPU.Build.0 = Debug|Any CPU
		{239452B2-8A70-4DB2-A503-395539C4235C}.Release|Any CPU.ActiveCfg = Release|Any CPU
		{239452B2-8A70-4DB2-A503-395539C4235C}.Release|Any CPU.Build.0 = Release|Any CPU
		{A2C8E344-FB85-45AA-B51B-5EB40949CCA3}.Debug|Any CPU.ActiveCfg = Debug|Any CPU
		{A2C8E344-FB85-45AA-B51B-5EB40949CCA3}.Debug|Any CPU.Build.0 = Debug|Any CPU
		{A2C8E344-FB85-45AA-B51B-5EB40949CCA3}.Release|Any CPU.ActiveCfg = Release|Any CPU
		{A2C8E344-FB85-45AA-B51B-5EB40949CCA3}.Release|Any CPU.Build.0 = Release|Any CPU
		{7F75F974-6CEC-4DB1-BB6D-EBCDA15283C5}.Debug|Any CPU.ActiveCfg = Debug|Any CPU
		{7F75F974-6CEC-4DB1-BB6D-EBCDA15283C5}.Debug|Any CPU.Build.0 = Debug|Any CPU
		{7F75F974-6CEC-4DB1-BB6D-EBCDA15283C5}.Release|Any CPU.ActiveCfg = Release|Any CPU
		{7F75F974-6CEC-4DB1-BB6D-EBCDA15283C5}.Release|Any CPU.Build.0 = Release|Any CPU
	EndGlobalSection
EndGlobal
